{
  "version": 4,
  "terraform_version": "1.2.5",
  "serial": 5,
  "lineage": "7d2feaf5-3dd7-a5a6-ac3e-a920cf847e5a",
  "outputs": {
    "external_ip_address_node01_yandex_cloud": {
      "value": "62.84.116.102",
      "type": "string"
    },
    "internal_ip_address_node01_yandex_cloud": {
      "value": "192.168.101.12",
      "type": "string"
    }
  },
  "resources": [
    {
      "mode": "managed",
      "type": "yandex_compute_instance",
      "name": "node01",
      "provider": "provider[\"registry.terraform.io/yandex-cloud/yandex\"]",
      "instances": [
        {
          "schema_version": 1,
          "attributes": {
            "allow_recreate": null,
            "allow_stopping_for_update": true,
            "boot_disk": [
              {
                "auto_delete": true,
                "device_name": "fhmiumc2eo56sq0orlds",
                "disk_id": "fhmiumc2eo56sq0orlds",
                "initialize_params": [
                  {
                    "block_size": 4096,
                    "description": "",
                    "image_id": "fd8se7lfhceja4693l4b",
                    "name": "root-node01",
                    "size": 50,
                    "snapshot_id": "",
                    "type": "network-ssd"
                  }
                ],
                "mode": "READ_WRITE"
              }
            ],
            "created_at": "2022-07-17T12:15:24Z",
            "description": "",
            "folder_id": "b1ghmek4i9l0hj33i34q",
            "fqdn": "node01.netology.cloud",
            "hostname": "node01",
            "id": "fhmd8hj8vs403ea7vlre",
            "labels": null,
            "local_disk": [],
            "metadata": {
              "ssh-keys": "centos:ssh-rsa AAAAB3NzaC1yc2EAAAADAQABAAABAQC3N5AMDkrrOjsPYAJEFwwkZMXq0tgxWVnezts/guCwzlp6BReB5qDMkoczt1nRHVtPlJc6lMcplzBLhen5xBUsueAlhtm6B/SZ1KnbKFEctdGY+kR9zGAYwgNxidxUZYlTEwUzKK4b9Mryjif1v+0W/9L7WnjKyAp7ySOWKfzRpxyHFZUAb/XnmXzO0BaScma6XJZS4ulCVf/dWY4hwtD1VxM8xjJV4OtkDqgLtjC/PwKA8kHccnPG2XzlyqWAuXHcTipaOi10QBAX0kqbvPppfzIpBCQt4c/f6fsyCTqIpOieo7uqIxBlGqgwTRcomd1Ct6zmg6iRzfupfgv5xklz a.somov@robo.cash\n"
            },
            "name": "node01",
            "network_acceleration_type": "standard",
            "network_interface": [
              {
                "dns_record": [],
                "index": 0,
                "ip_address": "192.168.101.12",
                "ipv4": true,
                "ipv6": false,
                "ipv6_address": "",
                "ipv6_dns_record": [],
                "mac_address": "d0:0d:d4:46:68:ff",
                "nat": true,
                "nat_dns_record": [],
                "nat_ip_address": "62.84.116.102",
                "nat_ip_version": "IPV4",
                "security_group_ids": [],
                "subnet_id": "e9bvq8int7eu91jkgu0b"
              }
            ],
            "placement_policy": [
              {
                "host_affinity_rules": [],
                "placement_group_id": ""
              }
            ],
            "platform_id": "standard-v1",
            "resources": [
              {
                "core_fraction": 100,
                "cores": 8,
                "gpus": 0,
                "memory": 8
              }
            ],
            "scheduling_policy": [
              {
                "preemptible": false
              }
            ],
            "secondary_disk": [],
            "service_account_id": "",
            "status": "running",
            "timeouts": null,
            "zone": "ru-central1-a"
          },
          "sensitive_attributes": [],
          "private": "eyJlMmJmYjczMC1lY2FhLTExZTYtOGY4OC0zNDM2M2JjN2M0YzAiOnsiY3JlYXRlIjozMDAwMDAwMDAwMDAsImRlbGV0ZSI6MzAwMDAwMDAwMDAwLCJ1cGRhdGUiOjMwMDAwMDAwMDAwMH0sInNjaGVtYV92ZXJzaW9uIjoiMSJ9",
          "dependencies": [
            "yandex_vpc_network.default",
            "yandex_vpc_subnet.default"
          ]
        }
      ]
    },
    {
      "mode": "managed",
      "type": "yandex_vpc_network",
      "name": "default",
      "provider": "provider[\"registry.terraform.io/yandex-cloud/yandex\"]",
      "instances": [
        {
          "schema_version": 0,
          "attributes": {
            "created_at": "2022-07-17T12:15:11Z",
            "default_security_group_id": "",
            "description": "",
            "folder_id": "b1ghmek4i9l0hj33i34q",
            "id": "enpem6b297c0h91c8o71",
            "labels": {},
            "name": "net",
            "subnet_ids": [],
            "timeouts": null
          },
          "sensitive_attributes": [],
          "private": "eyJlMmJmYjczMC1lY2FhLTExZTYtOGY4OC0zNDM2M2JjN2M0YzAiOnsiY3JlYXRlIjo2MDAwMDAwMDAwMCwiZGVsZXRlIjo2MDAwMDAwMDAwMCwidXBkYXRlIjo2MDAwMDAwMDAwMH19"
        }
      ]
    },
    {
      "mode": "managed",
      "type": "yandex_vpc_subnet",
      "name": "default",
      "provider": "provider[\"registry.terraform.io/yandex-cloud/yandex\"]",
      "instances": [
        {
          "schema_version": 0,
          "attributes": {
            "created_at": "2022-07-17T12:15:15Z",
            "description": "",
            "dhcp_options": [],
            "folder_id": "b1ghmek4i9l0hj33i34q",
            "id": "e9bvq8int7eu91jkgu0b",
            "labels": {},
            "name": "subnet",
            "network_id": "enpem6b297c0h91c8o71",
            "route_table_id": "",
            "timeouts": null,
            "v4_cidr_blocks": [
              "192.168.101.0/24"
            ],
            "v6_cidr_blocks": [],
            "zone": "ru-central1-a"
          },
          "sensitive_attributes": [],
          "private": "eyJlMmJmYjczMC1lY2FhLTExZTYtOGY4OC0zNDM2M2JjN2M0YzAiOnsiY3JlYXRlIjoxODAwMDAwMDAwMDAsImRlbGV0ZSI6MTgwMDAwMDAwMDAwLCJ1cGRhdGUiOjE4MDAwMDAwMDAwMH19",
          "dependencies": [
            "yandex_vpc_network.default"
          ]
        }
      ]
    }
  ]
}
